
Microsoft Visual Studio Solution File, Format Version 12.00
# Visual Studio Version 16
VisualStudioVersion = 16.0.30011.22
MinimumVisualStudioVersion = 10.0.40219.1
Project("{FAE04EC0-301F-11D3-BF4B-00C04F79EFBC}") = "basics", "basics\basics.csproj", "{D7BE9943-9E8E-4C3E-B21B-AF6A2743BDFD}"
EndProject
Global
	GlobalSection(SolutionConfigurationPlatforms) = preSolution
		Debug|Any CPU = Debug|Any CPU
		Release|Any CPU = Release|Any CPU
	EndGlobalSection
	GlobalSection(ProjectConfigurationPlatforms) = postSolution
		{D7BE9943-9E8E-4C3E-B21B-AF6A2743BDFD}.Debug|Any CPU.ActiveCfg = Debug|Any CPU
		{D7BE9943-9E8E-4C3E-B21B-AF6A2743BDFD}.Debug|Any CPU.Build.0 = Debug|Any CPU
		{D7BE9943-9E8E-4C3E-B21B-AF6A2743BDFD}.Release|Any CPU.ActiveCfg = Release|Any CPU
		{D7BE9943-9E8E-4C3E-B21B-AF6A2743BDFD}.Release|Any CPU.Build.0 = Release|Any CPU
	EndGlobalSection
	GlobalSection(SolutionProperties) = preSolution
		HideSolutionNode = FALSE
	EndGlobalSection
	GlobalSection(ExtensibilityGlobals) = postSolution
		SolutionGuid = {5C3E94FF-E51D-43D8-B715-BB7A6A9F38EE}
	EndGlobalSection
EndGlobal
